
Microsoft Visual Studio Solution File, Format Version 12.00
# Visual Studio Version 17
VisualStudioVersion = 17.11.35222.181
MinimumVisualStudioVersion = 10.0.40219.1
Project("{FAE04EC0-301F-11D3-BF4B-00C04F79EFBC}") = "Escs-Client", "Escs-Client\Escs-Client.csproj", "{A09A3810-DEE0-4ABC-9FB8-FDDD5D5F66C7}"
EndProject
Project("{FAE04EC0-301F-11D3-BF4B-00C04F79EFBC}") = "BuildingBlocks", "BuildingBlocks\BuildingBlocks.csproj", "{D9574521-BDD1-451F-A78E-B703B5867056}"
EndProject
Global
	GlobalSection(SolutionConfigurationPlatforms) = preSolution
		Debug|Any CPU = Debug|Any CPU
		Release|Any CPU = Release|Any CPU
	EndGlobalSection
	GlobalSection(ProjectConfigurationPlatforms) = postSolution
		{A09A3810-DEE0-4ABC-9FB8-FDDD5D5F66C7}.Debug|Any CPU.ActiveCfg = Debug|Any CPU
		{A09A3810-DEE0-4ABC-9FB8-FDDD5D5F66C7}.Debug|Any CPU.Build.0 = Debug|Any CPU
		{A09A3810-DEE0-4ABC-9FB8-FDDD5D5F66C7}.Release|Any CPU.ActiveCfg = Release|Any CPU
		{A09A3810-DEE0-4ABC-9FB8-FDDD5D5F66C7}.Release|Any CPU.Build.0 = Release|Any CPU
		{D9574521-BDD1-451F-A78E-B703B5867056}.Debug|Any CPU.ActiveCfg = Debug|Any CPU
		{D9574521-BDD1-451F-A78E-B703B5867056}.Debug|Any CPU.Build.0 = Debug|Any CPU
		{D9574521-BDD1-451F-A78E-B703B5867056}.Release|Any CPU.ActiveCfg = Release|Any CPU
		{D9574521-BDD1-451F-A78E-B703B5867056}.Release|Any CPU.Build.0 = Release|Any CPU
	EndGlobalSection
	GlobalSection(SolutionProperties) = preSolution
		HideSolutionNode = FALSE
	EndGlobalSection
	GlobalSection(ExtensibilityGlobals) = postSolution
		SolutionGuid = {F35DF9B0-A317-4849-9D9A-92D692986556}
	EndGlobalSection
EndGlobal
